
Microsoft Visual Studio Solution File, Format Version 12.00
# Visual Studio 2013
VisualStudioVersion = 12.0.40629.0
MinimumVisualStudioVersion = 10.0.40219.1
Project("{FAE04EC0-301F-11D3-BF4B-00C04F79EFBC}") = "SoftLine.UA.CreateOpportunityFromInvoise", "SoftLine.UA.CreateOpportunityFromInvoise\SoftLine.UA.CreateOpportunityFromInvoise.csproj", "{010DBB19-5A8B-461C-8CE7-1BE05A9EBAFA}"
EndProject
Project("{FAE04EC0-301F-11D3-BF4B-00C04F79EFBC}") = "SoftLine.UA.NumeratorForInvoice", "SoftLine.UA.NumeratorForInvoice\SoftLine.UA.NumeratorForInvoice.csproj", "{CB732B0E-BF69-488B-86BF-B1D3A2EB0D38}"
EndProject
Project("{FAE04EC0-301F-11D3-BF4B-00C04F79EFBC}") = "SoftLine.UA.NumeratorForSalesOrder", "SoftLine.UA.NumeratorForSalesOrder\SoftLine.UA.NumeratorForSalesOrder\SoftLine.UA.NumeratorForSalesOrder.csproj", "{C62A7D00-AA5B-4AB8-9CC8-9A2167CE7B37}"
EndProject
Project("{FAE04EC0-301F-11D3-BF4B-00C04F79EFBC}") = "SoftLine.UA.ProductFromAnnotation", "SoftLine.UA.ProductFromAnnotation\SoftLine.UA.ProductFromAnnotation.csproj", "{4B51E884-5A1A-4E4E-BC9E-60852F55C249}"
EndProject
Project("{FAE04EC0-301F-11D3-BF4B-00C04F79EFBC}") = "SoftLine.UA.setAmountToInvoice", "SoftLine.UA.setAmountToInvoice\SoftLine.UA.setAmountToInvoice.csproj", "{C5CF8496-4591-418C-887E-D0215B21720F}"
EndProject
Project("{2150E333-8FDC-42A3-9474-1A3956D46DE8}") = "Plugin", "Plugin", "{038DCC71-F7B5-49C9-823B-C4A01AD4583A}"
EndProject
Project("{2150E333-8FDC-42A3-9474-1A3956D46DE8}") = "Report", "Report", "{3C6EF6E5-BDC3-426A-88A2-0A182D579EBC}"
EndProject
Project("{2150E333-8FDC-42A3-9474-1A3956D46DE8}") = "JavaScript", "JavaScript", "{5F4CE7CB-C780-4386-A27B-8C97F58659F5}"
	ProjectSection(SolutionItems) = preProject
		AccountMainLibrary.js = AccountMainLibrary.js
		ButtonSalesOrder.js = ButtonSalesOrder.js
		commercialofferdetail.js = commercialofferdetail.js
		Coordinationcontract.js = Coordinationcontract.js
		InvoiceDetailMainLibrary.js = InvoiceDetailMainLibrary.js
		InvoiceLibrary.js = InvoiceLibrary.js
		livevalidation_standalone.js = livevalidation_standalone.js
		new_productadditionalagreementMainLibrary.js = new_productadditionalagreementMainLibrary.js
		opportunityMainForm.js = opportunityMainForm.js
		PaymentLibrary.js = PaymentLibrary.js
		PaymentproviderMainLibrary.js = PaymentproviderMainLibrary.js
		QuoteDetaileMainLibrary.js = QuoteDetaileMainLibrary.js
		QuoteDetailLibrary.js = QuoteDetailLibrary.js
		SalesOrderDetailMainLibrary.js = SalesOrderDetailMainLibrary.js
		SalesOrderLibrary.js = SalesOrderLibrary.js
		SDK.REST.js = SDK.REST.js
		SupplementaryAgreementLibrary.js = SupplementaryAgreementLibrary.js
		Validator.js = Validator.js
		XrmPage-vsdoc.js = XrmPage-vsdoc.js
	EndProjectSection
EndProject
Project("{F14B399A-7131-4C87-9E4B-1186C45EF12D}") = "SoftLine.UA.Reports", "SoftLine.UA.Reports\SoftLine.UA.Reports.rptproj", "{AB8DE7C8-1A8B-475F-8C81-F5CBCC850BD5}"
EndProject
Project("{FAE04EC0-301F-11D3-BF4B-00C04F79EFBC}") = "SoftLine.UA.CreateProductFromInvoiceToPayment", "SoftLine.UA.CreateProductFromInvoiceToPayment\SoftLine.UA.CreateProductFromInvoiceToPayment.csproj", "{9A4718A4-227E-4D5F-BDEC-D9345545F201}"
EndProject
Project("{FAE04EC0-301F-11D3-BF4B-00C04F79EFBC}") = "SoftLine.UA.CurrencyService", "SoftLine.UA.CurrencyService\SoftLine.UA.CurrencyService.csproj", "{B067E96C-53EE-49F9-AD71-0FDACBF39D31}"
EndProject
Project("{FAE04EC0-301F-11D3-BF4B-00C04F79EFBC}") = "SoftLine.UA.NotificationfromAnnotation", "SoftLine.UA.NotificationfromAnnotation\SoftLine.UA.NotificationfromAnnotation.csproj", "{82183C1E-AE6D-4F75-AC16-CEF571C6B4C7}"
EndProject
Project("{FAE04EC0-301F-11D3-BF4B-00C04F79EFBC}") = "SoftLine.UA.SetAgreementValue", "SoftLine.UA.SetAgreementValue\SoftLine.UA.SetAgreementValue.csproj", "{58F00FCC-D341-4BDB-89E7-AD89D02EA422}"
EndProject
Project("{FAE04EC0-301F-11D3-BF4B-00C04F79EFBC}") = "SoftLine.UA.Notification", "SoftLine.UA.Notification\SoftLine.UA.Notification.csproj", "{0716CFB5-87F2-49DE-8C9D-8867B6824EBF}"
EndProject
Global
	GlobalSection(SolutionConfigurationPlatforms) = preSolution
		Debug|Any CPU = Debug|Any CPU
		DebugLocal|Any CPU = DebugLocal|Any CPU
		Release|Any CPU = Release|Any CPU
	EndGlobalSection
	GlobalSection(ProjectConfigurationPlatforms) = postSolution
		{010DBB19-5A8B-461C-8CE7-1BE05A9EBAFA}.Debug|Any CPU.ActiveCfg = Debug|Any CPU
		{010DBB19-5A8B-461C-8CE7-1BE05A9EBAFA}.Debug|Any CPU.Build.0 = Debug|Any CPU
		{010DBB19-5A8B-461C-8CE7-1BE05A9EBAFA}.DebugLocal|Any CPU.ActiveCfg = Debug|Any CPU
		{010DBB19-5A8B-461C-8CE7-1BE05A9EBAFA}.DebugLocal|Any CPU.Build.0 = Debug|Any CPU
		{010DBB19-5A8B-461C-8CE7-1BE05A9EBAFA}.Release|Any CPU.ActiveCfg = Release|Any CPU
		{010DBB19-5A8B-461C-8CE7-1BE05A9EBAFA}.Release|Any CPU.Build.0 = Release|Any CPU
		{CB732B0E-BF69-488B-86BF-B1D3A2EB0D38}.Debug|Any CPU.ActiveCfg = Debug|Any CPU
		{CB732B0E-BF69-488B-86BF-B1D3A2EB0D38}.Debug|Any CPU.Build.0 = Debug|Any CPU
		{CB732B0E-BF69-488B-86BF-B1D3A2EB0D38}.DebugLocal|Any CPU.ActiveCfg = Debug|Any CPU
		{CB732B0E-BF69-488B-86BF-B1D3A2EB0D38}.DebugLocal|Any CPU.Build.0 = Debug|Any CPU
		{CB732B0E-BF69-488B-86BF-B1D3A2EB0D38}.Release|Any CPU.ActiveCfg = Release|Any CPU
		{CB732B0E-BF69-488B-86BF-B1D3A2EB0D38}.Release|Any CPU.Build.0 = Release|Any CPU
		{C62A7D00-AA5B-4AB8-9CC8-9A2167CE7B37}.Debug|Any CPU.ActiveCfg = Debug|Any CPU
		{C62A7D00-AA5B-4AB8-9CC8-9A2167CE7B37}.Debug|Any CPU.Build.0 = Debug|Any CPU
		{C62A7D00-AA5B-4AB8-9CC8-9A2167CE7B37}.DebugLocal|Any CPU.ActiveCfg = Debug|Any CPU
		{C62A7D00-AA5B-4AB8-9CC8-9A2167CE7B37}.DebugLocal|Any CPU.Build.0 = Debug|Any CPU
		{C62A7D00-AA5B-4AB8-9CC8-9A2167CE7B37}.Release|Any CPU.ActiveCfg = Release|Any CPU
		{C62A7D00-AA5B-4AB8-9CC8-9A2167CE7B37}.Release|Any CPU.Build.0 = Release|Any CPU
		{4B51E884-5A1A-4E4E-BC9E-60852F55C249}.Debug|Any CPU.ActiveCfg = Debug|Any CPU
		{4B51E884-5A1A-4E4E-BC9E-60852F55C249}.Debug|Any CPU.Build.0 = Debug|Any CPU
		{4B51E884-5A1A-4E4E-BC9E-60852F55C249}.DebugLocal|Any CPU.ActiveCfg = Debug|Any CPU
		{4B51E884-5A1A-4E4E-BC9E-60852F55C249}.DebugLocal|Any CPU.Build.0 = Debug|Any CPU
		{4B51E884-5A1A-4E4E-BC9E-60852F55C249}.Release|Any CPU.ActiveCfg = Release|Any CPU
		{4B51E884-5A1A-4E4E-BC9E-60852F55C249}.Release|Any CPU.Build.0 = Release|Any CPU
		{C5CF8496-4591-418C-887E-D0215B21720F}.Debug|Any CPU.ActiveCfg = Debug|Any CPU
		{C5CF8496-4591-418C-887E-D0215B21720F}.Debug|Any CPU.Build.0 = Debug|Any CPU
		{C5CF8496-4591-418C-887E-D0215B21720F}.DebugLocal|Any CPU.ActiveCfg = Debug|Any CPU
		{C5CF8496-4591-418C-887E-D0215B21720F}.DebugLocal|Any CPU.Build.0 = Debug|Any CPU
		{C5CF8496-4591-418C-887E-D0215B21720F}.Release|Any CPU.ActiveCfg = Release|Any CPU
		{C5CF8496-4591-418C-887E-D0215B21720F}.Release|Any CPU.Build.0 = Release|Any CPU
		{AB8DE7C8-1A8B-475F-8C81-F5CBCC850BD5}.Debug|Any CPU.ActiveCfg = Debug
		{AB8DE7C8-1A8B-475F-8C81-F5CBCC850BD5}.Debug|Any CPU.Build.0 = Debug
		{AB8DE7C8-1A8B-475F-8C81-F5CBCC850BD5}.Debug|Any CPU.Deploy.0 = Debug
		{AB8DE7C8-1A8B-475F-8C81-F5CBCC850BD5}.DebugLocal|Any CPU.ActiveCfg = DebugLocal
		{AB8DE7C8-1A8B-475F-8C81-F5CBCC850BD5}.DebugLocal|Any CPU.Build.0 = DebugLocal
		{AB8DE7C8-1A8B-475F-8C81-F5CBCC850BD5}.DebugLocal|Any CPU.Deploy.0 = DebugLocal
		{AB8DE7C8-1A8B-475F-8C81-F5CBCC850BD5}.Release|Any CPU.ActiveCfg = Release
		{AB8DE7C8-1A8B-475F-8C81-F5CBCC850BD5}.Release|Any CPU.Build.0 = Release
		{AB8DE7C8-1A8B-475F-8C81-F5CBCC850BD5}.Release|Any CPU.Deploy.0 = Release
		{9A4718A4-227E-4D5F-BDEC-D9345545F201}.Debug|Any CPU.ActiveCfg = Debug|Any CPU
		{9A4718A4-227E-4D5F-BDEC-D9345545F201}.Debug|Any CPU.Build.0 = Debug|Any CPU
		{9A4718A4-227E-4D5F-BDEC-D9345545F201}.DebugLocal|Any CPU.ActiveCfg = Debug|Any CPU
		{9A4718A4-227E-4D5F-BDEC-D9345545F201}.DebugLocal|Any CPU.Build.0 = Debug|Any CPU
		{9A4718A4-227E-4D5F-BDEC-D9345545F201}.Release|Any CPU.ActiveCfg = Release|Any CPU
		{9A4718A4-227E-4D5F-BDEC-D9345545F201}.Release|Any CPU.Build.0 = Release|Any CPU
		{B067E96C-53EE-49F9-AD71-0FDACBF39D31}.Debug|Any CPU.ActiveCfg = Debug|Any CPU
		{B067E96C-53EE-49F9-AD71-0FDACBF39D31}.Debug|Any CPU.Build.0 = Debug|Any CPU
		{B067E96C-53EE-49F9-AD71-0FDACBF39D31}.DebugLocal|Any CPU.ActiveCfg = Debug|Any CPU
		{B067E96C-53EE-49F9-AD71-0FDACBF39D31}.DebugLocal|Any CPU.Build.0 = Debug|Any CPU
		{B067E96C-53EE-49F9-AD71-0FDACBF39D31}.Release|Any CPU.ActiveCfg = Release|Any CPU
		{B067E96C-53EE-49F9-AD71-0FDACBF39D31}.Release|Any CPU.Build.0 = Release|Any CPU
		{82183C1E-AE6D-4F75-AC16-CEF571C6B4C7}.Debug|Any CPU.ActiveCfg = Debug|Any CPU
		{82183C1E-AE6D-4F75-AC16-CEF571C6B4C7}.Debug|Any CPU.Build.0 = Debug|Any CPU
		{82183C1E-AE6D-4F75-AC16-CEF571C6B4C7}.DebugLocal|Any CPU.ActiveCfg = Debug|Any CPU
		{82183C1E-AE6D-4F75-AC16-CEF571C6B4C7}.DebugLocal|Any CPU.Build.0 = Debug|Any CPU
		{82183C1E-AE6D-4F75-AC16-CEF571C6B4C7}.Release|Any CPU.ActiveCfg = Release|Any CPU
		{82183C1E-AE6D-4F75-AC16-CEF571C6B4C7}.Release|Any CPU.Build.0 = Release|Any CPU
		{58F00FCC-D341-4BDB-89E7-AD89D02EA422}.Debug|Any CPU.ActiveCfg = Debug|Any CPU
		{58F00FCC-D341-4BDB-89E7-AD89D02EA422}.Debug|Any CPU.Build.0 = Debug|Any CPU
		{58F00FCC-D341-4BDB-89E7-AD89D02EA422}.DebugLocal|Any CPU.ActiveCfg = Debug|Any CPU
		{58F00FCC-D341-4BDB-89E7-AD89D02EA422}.DebugLocal|Any CPU.Build.0 = Debug|Any CPU
		{58F00FCC-D341-4BDB-89E7-AD89D02EA422}.Release|Any CPU.ActiveCfg = Release|Any CPU
		{58F00FCC-D341-4BDB-89E7-AD89D02EA422}.Release|Any CPU.Build.0 = Release|Any CPU
		{0716CFB5-87F2-49DE-8C9D-8867B6824EBF}.Debug|Any CPU.ActiveCfg = Debug|Any CPU
		{0716CFB5-87F2-49DE-8C9D-8867B6824EBF}.Debug|Any CPU.Build.0 = Debug|Any CPU
		{0716CFB5-87F2-49DE-8C9D-8867B6824EBF}.DebugLocal|Any CPU.ActiveCfg = Debug|Any CPU
		{0716CFB5-87F2-49DE-8C9D-8867B6824EBF}.DebugLocal|Any CPU.Build.0 = Debug|Any CPU
		{0716CFB5-87F2-49DE-8C9D-8867B6824EBF}.Release|Any CPU.ActiveCfg = Release|Any CPU
		{0716CFB5-87F2-49DE-8C9D-8867B6824EBF}.Release|Any CPU.Build.0 = Release|Any CPU
	EndGlobalSection
	GlobalSection(SolutionProperties) = preSolution
		HideSolutionNode = FALSE
	EndGlobalSection
	GlobalSection(NestedProjects) = preSolution
		{010DBB19-5A8B-461C-8CE7-1BE05A9EBAFA} = {038DCC71-F7B5-49C9-823B-C4A01AD4583A}
		{CB732B0E-BF69-488B-86BF-B1D3A2EB0D38} = {038DCC71-F7B5-49C9-823B-C4A01AD4583A}
		{C62A7D00-AA5B-4AB8-9CC8-9A2167CE7B37} = {038DCC71-F7B5-49C9-823B-C4A01AD4583A}
		{4B51E884-5A1A-4E4E-BC9E-60852F55C249} = {038DCC71-F7B5-49C9-823B-C4A01AD4583A}
		{C5CF8496-4591-418C-887E-D0215B21720F} = {038DCC71-F7B5-49C9-823B-C4A01AD4583A}
		{AB8DE7C8-1A8B-475F-8C81-F5CBCC850BD5} = {3C6EF6E5-BDC3-426A-88A2-0A182D579EBC}
		{9A4718A4-227E-4D5F-BDEC-D9345545F201} = {038DCC71-F7B5-49C9-823B-C4A01AD4583A}
		{B067E96C-53EE-49F9-AD71-0FDACBF39D31} = {038DCC71-F7B5-49C9-823B-C4A01AD4583A}
		{82183C1E-AE6D-4F75-AC16-CEF571C6B4C7} = {038DCC71-F7B5-49C9-823B-C4A01AD4583A}
		{58F00FCC-D341-4BDB-89E7-AD89D02EA422} = {038DCC71-F7B5-49C9-823B-C4A01AD4583A}
		{0716CFB5-87F2-49DE-8C9D-8867B6824EBF} = {038DCC71-F7B5-49C9-823B-C4A01AD4583A}
	EndGlobalSection
EndGlobal
